// !$*UTF8*$!
{
	archiveVersion = 1;
	classes = {
	};
	objectVersion = 56;
	objects = {

/* Begin PBXBuildFile section */
		047FA74129DEEE6800F28C63 /* AppDelegate.swift in Sources */ = {isa = PBXBuildFile; fileRef = 047FA74029DEEE6800F28C63 /* AppDelegate.swift */; };
		047FA74329DEEE6800F28C63 /* SceneDelegate.swift in Sources */ = {isa = PBXBuildFile; fileRef = 047FA74229DEEE6800F28C63 /* SceneDelegate.swift */; };
		047FA74A29DEEE6900F28C63 /* Assets.xcassets in Resources */ = {isa = PBXBuildFile; fileRef = 047FA74929DEEE6900F28C63 /* Assets.xcassets */; };
		047FA74D29DEEE6900F28C63 /* LaunchScreen.storyboard in Resources */ = {isa = PBXBuildFile; fileRef = 047FA74B29DEEE6900F28C63 /* LaunchScreen.storyboard */; };
		047FA75A29DEEFD900F28C63 /* HabitsListViewController.swift in Sources */ = {isa = PBXBuildFile; fileRef = 047FA75929DEEFD900F28C63 /* HabitsListViewController.swift */; };
		047FA75C29DEF01200F28C63 /* HabitsViewController.swift in Sources */ = {isa = PBXBuildFile; fileRef = 047FA75B29DEF01200F28C63 /* HabitsViewController.swift */; };
		047FA75E29DEF02600F28C63 /* InfoViewController.swift in Sources */ = {isa = PBXBuildFile; fileRef = 047FA75D29DEF02600F28C63 /* InfoViewController.swift */; };
		047FA76029DEF06100F28C63 /* TabBarViewController.swift in Sources */ = {isa = PBXBuildFile; fileRef = 047FA75F29DEF06100F28C63 /* TabBarViewController.swift */; };
		047FA76629DEF12300F28C63 /* HabitsStore.swift in Sources */ = {isa = PBXBuildFile; fileRef = 047FA76529DEF12300F28C63 /* HabitsStore.swift */; };
		04A790BA29DFFBE200668208 /* HabitViewCell.swift in Sources */ = {isa = PBXBuildFile; fileRef = 04A790B829DFFBE200668208 /* HabitViewCell.swift */; };
		04A790BB29DFFBE200668208 /* HabitViewCell.xib in Resources */ = {isa = PBXBuildFile; fileRef = 04A790B929DFFBE200668208 /* HabitViewCell.xib */; };
		04A790C029DFFC1D00668208 /* HeaderHabitView.swift in Sources */ = {isa = PBXBuildFile; fileRef = 04A790BE29DFFC1D00668208 /* HeaderHabitView.swift */; };
		04A790C129DFFC1D00668208 /* HeaderHabitView.xib in Resources */ = {isa = PBXBuildFile; fileRef = 04A790BF29DFFC1D00668208 /* HeaderHabitView.xib */; };
		04FFF74E29E42F8C00948313 /* HabitDetalViewController.swift in Sources */ = {isa = PBXBuildFile; fileRef = 04FFF74D29E42F8C00948313 /* HabitDetalViewController.swift */; };
/* End PBXBuildFile section */

/* Begin PBXFileReference section */
		047FA73D29DEEE6800F28C63 /* TrackHabitApp.app */ = {isa = PBXFileReference; explicitFileType = wrapper.application; includeInIndex = 0; path = TrackHabitApp.app; sourceTree = BUILT_PRODUCTS_DIR; };
		047FA74029DEEE6800F28C63 /* AppDelegate.swift */ = {isa = PBXFileReference; lastKnownFileType = sourcecode.swift; path = AppDelegate.swift; sourceTree = "<group>"; };
		047FA74229DEEE6800F28C63 /* SceneDelegate.swift */ = {isa = PBXFileReference; lastKnownFileType = sourcecode.swift; path = SceneDelegate.swift; sourceTree = "<group>"; };
		047FA74929DEEE6900F28C63 /* Assets.xcassets */ = {isa = PBXFileReference; lastKnownFileType = folder.assetcatalog; path = Assets.xcassets; sourceTree = "<group>"; };
		047FA74C29DEEE6900F28C63 /* Base */ = {isa = PBXFileReference; lastKnownFileType = file.storyboard; name = Base; path = Base.lproj/LaunchScreen.storyboard; sourceTree = "<group>"; };
		047FA74E29DEEE6900F28C63 /* Info.plist */ = {isa = PBXFileReference; lastKnownFileType = text.plist.xml; path = Info.plist; sourceTree = "<group>"; };
		047FA75929DEEFD900F28C63 /* HabitsListViewController.swift */ = {isa = PBXFileReference; lastKnownFileType = sourcecode.swift; path = HabitsListViewController.swift; sourceTree = "<group>"; };
		047FA75B29DEF01200F28C63 /* HabitsViewController.swift */ = {isa = PBXFileReference; lastKnownFileType = sourcecode.swift; path = HabitsViewController.swift; sourceTree = "<group>"; };
		047FA75D29DEF02600F28C63 /* InfoViewController.swift */ = {isa = PBXFileReference; lastKnownFileType = sourcecode.swift; path = InfoViewController.swift; sourceTree = "<group>"; };
		047FA75F29DEF06100F28C63 /* TabBarViewController.swift */ = {isa = PBXFileReference; lastKnownFileType = sourcecode.swift; path = TabBarViewController.swift; sourceTree = "<group>"; };
		047FA76529DEF12300F28C63 /* HabitsStore.swift */ = {isa = PBXFileReference; lastKnownFileType = sourcecode.swift; path = HabitsStore.swift; sourceTree = "<group>"; };
		04A790B829DFFBE200668208 /* HabitViewCell.swift */ = {isa = PBXFileReference; lastKnownFileType = sourcecode.swift; path = HabitViewCell.swift; sourceTree = "<group>"; };
		04A790B929DFFBE200668208 /* HabitViewCell.xib */ = {isa = PBXFileReference; lastKnownFileType = file.xib; path = HabitViewCell.xib; sourceTree = "<group>"; };
		04A790BE29DFFC1D00668208 /* HeaderHabitView.swift */ = {isa = PBXFileReference; lastKnownFileType = sourcecode.swift; path = HeaderHabitView.swift; sourceTree = "<group>"; };
		04A790BF29DFFC1D00668208 /* HeaderHabitView.xib */ = {isa = PBXFileReference; lastKnownFileType = file.xib; path = HeaderHabitView.xib; sourceTree = "<group>"; };
		04FFF74D29E42F8C00948313 /* HabitDetalViewController.swift */ = {isa = PBXFileReference; lastKnownFileType = sourcecode.swift; path = HabitDetalViewController.swift; sourceTree = "<group>"; };
/* End PBXFileReference section */

/* Begin PBXFrameworksBuildPhase section */
		047FA73A29DEEE6800F28C63 /* Frameworks */ = {
			isa = PBXFrameworksBuildPhase;
			buildActionMask = 2147483647;
			files = (
			);
			runOnlyForDeploymentPostprocessing = 0;
		};
/* End PBXFrameworksBuildPhase section */

/* Begin PBXGroup section */
		047FA73429DEEE6800F28C63 = {
			isa = PBXGroup;
			children = (
				047FA73F29DEEE6800F28C63 /* TrackHabitApp */,
				047FA73E29DEEE6800F28C63 /* Products */,
			);
			sourceTree = "<group>";
		};
		047FA73E29DEEE6800F28C63 /* Products */ = {
			isa = PBXGroup;
			children = (
				047FA73D29DEEE6800F28C63 /* TrackHabitApp.app */,
			);
			name = Products;
			sourceTree = "<group>";
		};
		047FA73F29DEEE6800F28C63 /* TrackHabitApp */ = {
			isa = PBXGroup;
			children = (
				047FA75729DEEF1D00F28C63 /* Views */,
				047FA75429DEEEF500F28C63 /* ViewControllers */,
				047FA75829DEEF2400F28C63 /* Model */,
				047FA74029DEEE6800F28C63 /* AppDelegate.swift */,
				047FA74229DEEE6800F28C63 /* SceneDelegate.swift */,
				047FA74929DEEE6900F28C63 /* Assets.xcassets */,
				047FA74B29DEEE6900F28C63 /* LaunchScreen.storyboard */,
				047FA74E29DEEE6900F28C63 /* Info.plist */,
			);
			path = TrackHabitApp;
			sourceTree = "<group>";
		};
		047FA75429DEEEF500F28C63 /* ViewControllers */ = {
			isa = PBXGroup;
			children = (
				047FA75929DEEFD900F28C63 /* HabitsListViewController.swift */,
				047FA75B29DEF01200F28C63 /* HabitsViewController.swift */,
				047FA75D29DEF02600F28C63 /* InfoViewController.swift */,
				047FA75F29DEF06100F28C63 /* TabBarViewController.swift */,
				04FFF74D29E42F8C00948313 /* HabitDetalViewController.swift */,
			);
			name = ViewControllers;
			path = ..;
			sourceTree = "<group>";
		};
		047FA75729DEEF1D00F28C63 /* Views */ = {
			isa = PBXGroup;
			children = (
				04A790B829DFFBE200668208 /* HabitViewCell.swift */,
				04A790B929DFFBE200668208 /* HabitViewCell.xib */,
				04A790BE29DFFC1D00668208 /* HeaderHabitView.swift */,
				04A790BF29DFFC1D00668208 /* HeaderHabitView.xib */,
			);
			name = Views;
			path = ..;
			sourceTree = "<group>";
		};
		047FA75829DEEF2400F28C63 /* Model */ = {
			isa = PBXGroup;
			children = (
				047FA76529DEF12300F28C63 /* HabitsStore.swift */,
			);
			name = Model;
			path = ..;
			sourceTree = "<group>";
		};
/* End PBXGroup section */

/* Begin PBXNativeTarget section */
		047FA73C29DEEE6800F28C63 /* TrackHabitApp */ = {
			isa = PBXNativeTarget;
			buildConfigurationList = 047FA75129DEEE6900F28C63 /* Build configuration list for PBXNativeTarget "TrackHabitApp" */;
			buildPhases = (
				047FA73929DEEE6800F28C63 /* Sources */,
				047FA73A29DEEE6800F28C63 /* Frameworks */,
				047FA73B29DEEE6800F28C63 /* Resources */,
			);
			buildRules = (
			);
			dependencies = (
			);
			name = TrackHabitApp;
			productName = TrackHabitApp;
			productReference = 047FA73D29DEEE6800F28C63 /* TrackHabitApp.app */;
			productType = "com.apple.product-type.application";
		};
/* End PBXNativeTarget section */

/* Begin PBXProject section */
		047FA73529DEEE6800F28C63 /* Project object */ = {
			isa = PBXProject;
			attributes = {
				BuildIndependentTargetsInParallel = 1;
				LastSwiftUpdateCheck = 1420;
				LastUpgradeCheck = 1420;
				TargetAttributes = {
					047FA73C29DEEE6800F28C63 = {
						CreatedOnToolsVersion = 14.2;
					};
				};
			};
			buildConfigurationList = 047FA73829DEEE6800F28C63 /* Build configuration list for PBXProject "TrackHabitApp" */;
			compatibilityVersion = "Xcode 14.0";
			developmentRegion = en;
			hasScannedForEncodings = 0;
			knownRegions = (
				en,
				Base,
			);
			mainGroup = 047FA73429DEEE6800F28C63;
			productRefGroup = 047FA73E29DEEE6800F28C63 /* Products */;
			projectDirPath = "";
			projectRoot = "";
			targets = (
				047FA73C29DEEE6800F28C63 /* TrackHabitApp */,
			);
		};
/* End PBXProject section */

/* Begin PBXResourcesBuildPhase section */
		047FA73B29DEEE6800F28C63 /* Resources */ = {
			isa = PBXResourcesBuildPhase;
			buildActionMask = 2147483647;
			files = (
				04A790C129DFFC1D00668208 /* HeaderHabitView.xib in Resources */,
				047FA74D29DEEE6900F28C63 /* LaunchScreen.storyboard in Resources */,
				047FA74A29DEEE6900F28C63 /* Assets.xcassets in Resources */,
				04A790BB29DFFBE200668208 /* HabitViewCell.xib in Resources */,
			);
			runOnlyForDeploymentPostprocessing = 0;
		};
/* End PBXResourcesBuildPhase section */

/* Begin PBXSourcesBuildPhase section */
		047FA73929DEEE6800F28C63 /* Sources */ = {
			isa = PBXSourcesBuildPhase;
			buildActionMask = 2147483647;
			files = (
				047FA76629DEF12300F28C63 /* HabitsStore.swift in Sources */,
				047FA74129DEEE6800F28C63 /* AppDelegate.swift in Sources */,
				047FA74329DEEE6800F28C63 /* SceneDelegate.swift in Sources */,
				047FA75A29DEEFD900F28C63 /* HabitsListViewController.swift in Sources */,
				047FA75C29DEF01200F28C63 /* HabitsViewController.swift in Sources */,
				04A790C029DFFC1D00668208 /* HeaderHabitView.swift in Sources */,
				04A790BA29DFFBE200668208 /* HabitViewCell.swift in Sources */,
				047FA76029DEF06100F28C63 /* TabBarViewController.swift in Sources */,
				04FFF74E29E42F8C00948313 /* HabitDetalViewController.swift in Sources */,
				047FA75E29DEF02600F28C63 /* InfoViewController.swift in Sources */,
			);
			runOnlyForDeploymentPostprocessing = 0;
		};
/* End PBXSourcesBuildPhase section */

/* Begin PBXVariantGroup section */
		047FA74B29DEEE6900F28C63 /* LaunchScreen.storyboard */ = {
			isa = PBXVariantGroup;
			children = (
				047FA74C29DEEE6900F28C63 /* Base */,
			);
			name = LaunchScreen.storyboard;
			sourceTree = "<group>";
		};
/* End PBXVariantGroup section */

/* Begin XCBuildConfiguration section */
		047FA74F29DEEE6900F28C63 /* Debug */ = {
			isa = XCBuildConfiguration;
			buildSettings = {
				ALWAYS_SEARCH_USER_PATHS = NO;
				CLANG_ANALYZER_NONNULL = YES;
				CLANG_ANALYZER_NUMBER_OBJECT_CONVERSION = YES_AGGRESSIVE;
				CLANG_CXX_LANGUAGE_STANDARD = "gnu++20";
				CLANG_ENABLE_MODULES = YES;
				CLANG_ENABLE_OBJC_ARC = YES;
				CLANG_ENABLE_OBJC_WEAK = YES;
				CLANG_WARN_BLOCK_CAPTURE_AUTORELEASING = YES;
				CLANG_WARN_BOOL_CONVERSION = YES;
				CLANG_WARN_COMMA = YES;
				CLANG_WARN_CONSTANT_CONVERSION = YES;
				CLANG_WARN_DEPRECATED_OBJC_IMPLEMENTATIONS = YES;
				CLANG_WARN_DIRECT_OBJC_ISA_USAGE = YES_ERROR;
				CLANG_WARN_DOCUMENTATION_COMMENTS = YES;
				CLANG_WARN_EMPTY_BODY = YES;
				CLANG_WARN_ENUM_CONVERSION = YES;
				CLANG_WARN_INFINITE_RECURSION = YES;
				CLANG_WARN_INT_CONVERSION = YES;
				CLANG_WARN_NON_LITERAL_NULL_CONVERSION = YES;
				CLANG_WARN_OBJC_IMPLICIT_RETAIN_SELF = YES;
				CLANG_WARN_OBJC_LITERAL_CONVERSION = YES;
				CLANG_WARN_OBJC_ROOT_CLASS = YES_ERROR;
				CLANG_WARN_QUOTED_INCLUDE_IN_FRAMEWORK_HEADER = YES;
				CLANG_WARN_RANGE_LOOP_ANALYSIS = YES;
				CLANG_WARN_STRICT_PROTOTYPES = YES;
				CLANG_WARN_SUSPICIOUS_MOVE = YES;
				CLANG_WARN_UNGUARDED_AVAILABILITY = YES_AGGRESSIVE;
				CLANG_WARN_UNREACHABLE_CODE = YES;
				CLANG_WARN__DUPLICATE_METHOD_MATCH = YES;
				COPY_PHASE_STRIP = NO;
				DEBUG_INFORMATION_FORMAT = dwarf;
				ENABLE_STRICT_OBJC_MSGSEND = YES;
				ENABLE_TESTABILITY = YES;
				GCC_C_LANGUAGE_STANDARD = gnu11;
				GCC_DYNAMIC_NO_PIC = NO;
				GCC_NO_COMMON_BLOCKS = YES;
				GCC_OPTIMIZATION_LEVEL = 0;
				GCC_PREPROCESSOR_DEFINITIONS = (
					"DEBUG=1",
					"$(inherited)",
				);
				GCC_WARN_64_TO_32_BIT_CONVERSION = YES;
				GCC_WARN_ABOUT_RETURN_TYPE = YES_ERROR;
				GCC_WARN_UNDECLARED_SELECTOR = YES;
				GCC_WARN_UNINITIALIZED_AUTOS = YES_AGGRESSIVE;
				GCC_WARN_UNUSED_FUNCTION = YES;
				GCC_WARN_UNUSED_VARIABLE = YES;
				IPHONEOS_DEPLOYMENT_TARGET = 16.2;
				MTL_ENABLE_DEBUG_INFO = INCLUDE_SOURCE;
				MTL_FAST_MATH = YES;
				ONLY_ACTIVE_ARCH = YES;
				SDKROOT = iphoneos;
				SWIFT_ACTIVE_COMPILATION_CONDITIONS = DEBUG;
				SWIFT_OPTIMIZATION_LEVEL = "-Onone";
			};
			name = Debug;
		};
		047FA75029DEEE6900F28C63 /* Release */ = {
			isa = XCBuildConfiguration;
			buildSettings = {
				ALWAYS_SEARCH_USER_PATHS = NO;
				CLANG_ANALYZER_NONNULL = YES;
				CLANG_ANALYZER_NUMBER_OBJECT_CONVERSION = YES_AGGRESSIVE;
				CLANG_CXX_LANGUAGE_STANDARD = "gnu++20";
				CLANG_ENABLE_MODULES = YES;
				CLANG_ENABLE_OBJC_ARC = YES;
				CLANG_ENABLE_OBJC_WEAK = YES;
				CLANG_WARN_BLOCK_CAPTURE_AUTORELEASING = YES;
				CLANG_WARN_BOOL_CONVERSION = YES;
				CLANG_WARN_COMMA = YES;
				CLANG_WARN_CONSTANT_CONVERSION = YES;
				CLANG_WARN_DEPRECATED_OBJC_IMPLEMENTATIONS = YES;
				CLANG_WARN_DIRECT_OBJC_ISA_USAGE = YES_ERROR;
				CLANG_WARN_DOCUMENTATION_COMMENTS = YES;
				CLANG_WARN_EMPTY_BODY = YES;
				CLANG_WARN_ENUM_CONVERSION = YES;
				CLANG_WARN_INFINITE_RECURSION = YES;
				CLANG_WARN_INT_CONVERSION = YES;
				CLANG_WARN_NON_LITERAL_NULL_CONVERSION = YES;
				CLANG_WARN_OBJC_IMPLICIT_RETAIN_SELF = YES;
				CLANG_WARN_OBJC_LITERAL_CONVERSION = YES;
				CLANG_WARN_OBJC_ROOT_CLASS = YES_ERROR;
				CLANG_WARN_QUOTED_INCLUDE_IN_FRAMEWORK_HEADER = YES;
				CLANG_WARN_RANGE_LOOP_ANALYSIS = YES;
				CLANG_WARN_STRICT_PROTOTYPES = YES;
				CLANG_WARN_SUSPICIOUS_MOVE = YES;
				CLANG_WARN_UNGUARDED_AVAILABILITY = YES_AGGRESSIVE;
				CLANG_WARN_UNREACHABLE_CODE = YES;
				CLANG_WARN__DUPLICATE_METHOD_MATCH = YES;
				COPY_PHASE_STRIP = NO;
				DEBUG_INFORMATION_FORMAT = "dwarf-with-dsym";
				ENABLE_NS_ASSERTIONS = NO;
				ENABLE_STRICT_OBJC_MSGSEND = YES;
				GCC_C_LANGUAGE_STANDARD = gnu11;
				GCC_NO_COMMON_BLOCKS = YES;
				GCC_WARN_64_TO_32_BIT_CONVERSION = YES;
				GCC_WARN_ABOUT_RETURN_TYPE = YES_ERROR;
				GCC_WARN_UNDECLARED_SELECTOR = YES;
				GCC_WARN_UNINITIALIZED_AUTOS = YES_AGGRESSIVE;
				GCC_WARN_UNUSED_FUNCTION = YES;
				GCC_WARN_UNUSED_VARIABLE = YES;
				IPHONEOS_DEPLOYMENT_TARGET = 16.2;
				MTL_ENABLE_DEBUG_INFO = NO;
				MTL_FAST_MATH = YES;
				SDKROOT = iphoneos;
				SWIFT_COMPILATION_MODE = wholemodule;
				SWIFT_OPTIMIZATION_LEVEL = "-O";
				VALIDATE_PRODUCT = YES;
			};
			name = Release;
		};
		047FA75229DEEE6900F28C63 /* Debug */ = {
			isa = XCBuildConfiguration;
			buildSettings = {
				ASSETCATALOG_COMPILER_APPICON_NAME = AppIcon;
				ASSETCATALOG_COMPILER_GLOBAL_ACCENT_COLOR_NAME = AccentColor;
				CODE_SIGN_STYLE = Automatic;
				CURRENT_PROJECT_VERSION = 1;
				DEVELOPMENT_TEAM = 6GFHGKUPH7;
				GENERATE_INFOPLIST_FILE = YES;
				INFOPLIST_FILE = TrackHabitApp/Info.plist;
				INFOPLIST_KEY_UIApplicationSupportsIndirectInputEvents = YES;
				INFOPLIST_KEY_UILaunchStoryboardName = LaunchScreen;
				INFOPLIST_KEY_UISupportedInterfaceOrientations_iPad = "UIInterfaceOrientationPortrait UIInterfaceOrientationPortraitUpsideDown UIInterfaceOrientationLandscapeLeft UIInterfaceOrientationLandscapeRight";
				INFOPLIST_KEY_UISupportedInterfaceOrientations_iPhone = "UIInterfaceOrientationPortrait UIInterfaceOrientationLandscapeLeft UIInterfaceOrientationLandscapeRight";
				LD_RUNPATH_SEARCH_PATHS = (
					"$(inherited)",
					"@executable_path/Frameworks",
				);
				MARKETING_VERSION = 1.0;
				PRODUCT_BUNDLE_IDENTIFIER = ru.TrackHabitApp;
				PRODUCT_NAME = "$(TARGET_NAME)";
				SWIFT_EMIT_LOC_STRINGS = YES;
				SWIFT_VERSION = 5.0;
				TARGETED_DEVICE_FAMILY = "1,2";
			};
			name = Debug;
		};
		047FA75329DEEE6900F28C63 /* Release */ = {
			isa = XCBuildConfiguration;
			buildSettings = {
				ASSETCATALOG_COMPILER_APPICON_NAME = AppIcon;
				ASSETCATALOG_COMPILER_GLOBAL_ACCENT_COLOR_NAME = AccentColor;
				CODE_SIGN_STYLE = Automatic;
				CURRENT_PROJECT_VERSION = 1;
				DEVELOPMENT_TEAM = 6GFHGKUPH7;
				GENERATE_INFOPLIST_FILE = YES;
				INFOPLIST_FILE = TrackHabitApp/Info.plist;
				INFOPLIST_KEY_UIApplicationSupportsIndirectInputEvents = YES;
				INFOPLIST_KEY_UILaunchStoryboardName = LaunchScreen;
				INFOPLIST_KEY_UISupportedInterfaceOrientations_iPad = "UIInterfaceOrientationPortrait UIInterfaceOrientationPortraitUpsideDown UIInterfaceOrientationLandscapeLeft UIInterfaceOrientationLandscapeRight";
				INFOPLIST_KEY_UISupportedInterfaceOrientations_iPhone = "UIInterfaceOrientationPortrait UIInterfaceOrientationLandscapeLeft UIInterfaceOrientationLandscapeRight";
				LD_RUNPATH_SEARCH_PATHS = (
					"$(inherited)",
					"@executable_path/Frameworks",
				);
				MARKETING_VERSION = 1.0;
				PRODUCT_BUNDLE_IDENTIFIER = ru.TrackHabitApp;
				PRODUCT_NAME = "$(TARGET_NAME)";
				SWIFT_EMIT_LOC_STRINGS = YES;
				SWIFT_VERSION = 5.0;
				TARGETED_DEVICE_FAMILY = "1,2";
			};
			name = Release;
		};
/* End XCBuildConfiguration section */

/* Begin XCConfigurationList section */
		047FA73829DEEE6800F28C63 /* Build configuration list for PBXProject "TrackHabitApp" */ = {
			isa = XCConfigurationList;
			buildConfigurations = (
				047FA74F29DEEE6900F28C63 /* Debug */,
				047FA75029DEEE6900F28C63 /* Release */,
			);
			defaultConfigurationIsVisible = 0;
			defaultConfigurationName = Release;
		};
		047FA75129DEEE6900F28C63 /* Build configuration list for PBXNativeTarget "TrackHabitApp" */ = {
			isa = XCConfigurationList;
			buildConfigurations = (
				047FA75229DEEE6900F28C63 /* Debug */,
				047FA75329DEEE6900F28C63 /* Release */,
			);
			defaultConfigurationIsVisible = 0;
			defaultConfigurationName = Release;
		};
/* End XCConfigurationList section */
	};
	rootObject = 047FA73529DEEE6800F28C63 /* Project object */;
}
